{
    "_meta": {
        "hash": {
            "sha256": "faa502d91b4ab5620b66c7d2cd3e1315accb3bd8eb732815a701b500dcf996c3"
        },
        "pipfile-spec": 6,
        "requires": {
            "python_version": "3"
        },
        "sources": [
            {
                "name": "pypi",
                "url": "https://pypi.python.org/simple",
                "verify_ssl": true
            }
        ]
    },
    "default": {
        "atari-py": {
            "hashes": [
                "sha256:3cd3f506a4cac680908501def3d3b79ab2b705993d7cbaead35468b26f2c585b",
                "sha256:5a621d623e1619fe2d8607ed4ceaf0bafbae54fea42c3bf3e1522410893ef933",
                "sha256:6249ad5079b0489e87eb44e65485bb1b07cc1b5af729f1ee52ece749503ceb1d",
                "sha256:64059ae02ac9d90cc43654c748c30d2ef69dd57b0d9e4b59039a420d688814a2",
                "sha256:ac3315c7a1d6cfb09f043e7971598cb53a749393b150614986a0eab28b049aea",
                "sha256:ae2f07e0a5de22d465fef8313b3ecfa1fec7f36e17b5204819e855413e6214de",
                "sha256:b04033186cd9c7764108627ecd38a5c9be14546b46875b90c6bb5d66451d28c1",
                "sha256:d9e2c25d39783867c2f29d1dd9d3a659fc56036456d07dc9efe8bd7bb31a07d7",
                "sha256:f6c3ae01f7a2bb331236383fbd47046a40a9fa3bf48e31dc96bbc75c107749b7"
            ],
            "version": "==0.2.6"
        },
        "backports.functools-lru-cache": {
            "hashes": [
                "sha256:0bada4c2f8a43d533e4ecb7a12214d9420e66eb206d54bf2d682581ca4b80848",
                "sha256:8fde5f188da2d593bd5bc0be98d9abc46c95bb8a9dde93429570192ee6cc2d4a"
            ],
            "version": "==1.6.1"
        },
        "certifi": {
            "hashes": [
                "sha256:5930595817496dd21bb8dc35dad090f1c2cd0adfaf21204bf6732ca5d8ee34d3",
                "sha256:8fc0819f1f30ba15bdb34cceffb9ef04d99f420f68eb75d901e9560b8749fc41"
            ],
            "version": "==2020.6.20"
        },
        "chardet": {
            "hashes": [
                "sha256:84ab92ed1c4d4f16916e05906b6b75a6c0fb5db821cc65e70cbd64a3e2a5eaae",
                "sha256:fc323ffcaeaed0e0a02bf4d117757b98aed530d9ed4531e3e15460124c106691"
            ],
            "version": "==3.0.4"
        },
        "cloudpickle": {
            "hashes": [
                "sha256:54858c7b7dc763ed894ff91059c1d0b017d593fe23850d3d8d75f47d98398197",
                "sha256:ac7acd0dcb1c52fa14873f801efe0c53e6457bcc5f01542cb445a6515d9a4b72"
            ],
            "index": "pypi",
            "version": "==0.5.3"
        },
        "cycler": {
            "hashes": [
                "sha256:1d8a5ae1ff6c5cf9b93e8811e581232ad8920aeec647c37316ceac982b08cb2d",
                "sha256:cd7b2d1018258d7247a71425e9f26463dfb444d411c39569972f4ce586b0c9d8"
            ],
            "version": "==0.10.0"
        },
        "easy-tf-log": {
            "hashes": [
                "sha256:b27970e1b16fac2a1b37578eca69ae81c1853bd5fe990243c200b67b4f502353"
            ],
            "index": "pypi",
            "version": "==1.1"
        },
        "gym": {
            "extras": [
                "atari"
            ],
            "hashes": [
                "sha256:b94939a994a592df8354058e218d820869514b67283fbf59e6c16bd57f489be7"
            ],
            "index": "pypi",
            "version": "==0.9.3"
        },
        "gym-moving-dot": {
            "git": "https://github.com/mrahtz/gym-moving-dot",
            "ref": "7fbcc90fc06297a4aaefe80841db0474cc2dc68a"
        },
        "idna": {
            "hashes": [
                "sha256:b307872f855b18632ce0c21c5e45be78c0ea7ae4c15c828c20788b26921eb3f6",
                "sha256:b97d804b1e9b523befed77c48dacec60e6dcb0b5391d57af6a65a312a90648c0"
            ],
            "version": "==2.10"
        },
        "kiwisolver": {
            "hashes": [
                "sha256:03662cbd3e6729f341a97dd2690b271e51a67a68322affab12a5b011344b973c",
                "sha256:18d749f3e56c0480dccd1714230da0f328e6e4accf188dd4e6884bdd06bf02dd",
                "sha256:247800260cd38160c362d211dcaf4ed0f7816afb5efe56544748b21d6ad6d17f",
                "sha256:38d05c9ecb24eee1246391820ed7137ac42a50209c203c908154782fced90e44",
                "sha256:443c2320520eda0a5b930b2725b26f6175ca4453c61f739fef7a5847bd262f74",
                "sha256:4eadb361baf3069f278b055e3bb53fa189cea2fd02cb2c353b7a99ebb4477ef1",
                "sha256:556da0a5f60f6486ec4969abbc1dd83cf9b5c2deadc8288508e55c0f5f87d29c",
                "sha256:603162139684ee56bcd57acc74035fceed7dd8d732f38c0959c8bd157f913fec",
                "sha256:60a78858580761fe611d22127868f3dc9f98871e6fdf0a15cc4203ed9ba6179b",
                "sha256:63f55f490b958b6299e4e5bdac66ac988c3d11b7fafa522800359075d4fa56d1",
                "sha256:7cc095a4661bdd8a5742aaf7c10ea9fac142d76ff1770a0f84394038126d8fc7",
                "sha256:be046da49fbc3aa9491cc7296db7e8d27bcf0c3d5d1a40259c10471b014e4e0c",
                "sha256:c31bc3c8e903d60a1ea31a754c72559398d91b5929fcb329b1c3a3d3f6e72113",
                "sha256:c955791d80e464da3b471ab41eb65cf5a40c15ce9b001fdc5bbc241170de58ec",
                "sha256:d069ef4b20b1e6b19f790d00097a5d5d2c50871b66d10075dab78938dc2ee2cf",
                "sha256:d52b989dc23cdaa92582ceb4af8d5bcc94d74b2c3e64cd6785558ec6a879793e",
                "sha256:e586b28354d7b6584d8973656a7954b1c69c93f708c0c07b77884f91640b7657",
                "sha256:efcf3397ae1e3c3a4a0a0636542bcad5adad3b1dd3e8e629d0b6e201347176c8",
                "sha256:fccefc0d36a38c57b7bd233a9b485e2f1eb71903ca7ad7adacad6c28a56d62d2"
            ],
            "version": "==1.2.0"
        },
        "matplotlib": {
            "hashes": [
                "sha256:07055eb872fa109bd88f599bdb52065704b2e22d475b67675f345d75d32038a0",
                "sha256:0f2f253d6d51f5ed52a819921f8a0a8e054ce0daefcfbc2557e1c433f14dc77d",
                "sha256:1770b70622b78f3fd76638526b8c176af8b23a0b129e0190d9407fa403855e0c",
                "sha256:1ef9fd285334bd6b0495b6de9d56a39dc95081577f27bafabcf28e0d318bed31",
                "sha256:3eb17a4dc45e1ceefb899423e8152e10169fa281f960421c762fd8532186c323",
                "sha256:3fb2db66ef98246bafc04b4ef4e9b0e73c6369f38a29716844e939d197df816a",
                "sha256:3fd90b407d1ab0dae686a4200030ce305526ff20b85a443dc490d194114b2dfa",
                "sha256:45dac8589ef1721d7f2ab0f48f986694494dfcc5d13a3e43a5cb6c816276094e",
                "sha256:4bb10087e09629ba3f9b25b6c734fd3f99542f93d71c5b9c023f28cb377b43a9",
                "sha256:4dc7ef528aad21f22be85e95725234c5178c0f938e2228ca76640e5e84d8cde8",
                "sha256:4f6a516d5ef39128bb16af7457e73dde25c30625c4916d8fbd1cc7c14c55e691",
                "sha256:70f0e407fbe9e97f16597223269c849597047421af5eb8b60dbaca0382037e78",
                "sha256:7b3d03c876684618e2a2be6abeb8d3a033c3a1bb38a786f751199753ef6227e6",
                "sha256:8944d311ce37bee1ba0e41a9b58dcf330ffe0cf29d7654c3d07c572215da68ac",
                "sha256:8ff08eaa25c66383fe3b6c7eb288da3c22dcedc4b110a0b592b35f68d0e093b2",
                "sha256:9d12378d6a236aa38326e27f3a29427b63edce4ce325745785aec1a7535b1f85",
                "sha256:abfd3d9390eb4f2d82cbcaa3a5c2834c581329b64eccb7a071ed9d5df27424f7",
                "sha256:bc4d7481f0e8ec94cb1afc4a59905d6274b3b4c389aba7a2539e071766671735",
                "sha256:c78883145da9b5620aec523fa14ea814e07f2ba26a16b7f68ff7300604a911b3",
                "sha256:dc0ba2080fd0cfdd07b3458ee4324d35806733feb2b080838d7094731d3f73d9",
                "sha256:f26fba7fc68994ab2805d77e0695417f9377a00d36ba4248b5d0f1e5adb08d24",
                "sha256:f397479742c1ca31805a4bffdfcc5f6189a31116b79aa0b83a50c689f42a23bb"
            ],
            "index": "pypi",
            "version": "==2.2.2"
        },
        "numpy": {
            "hashes": [
                "sha256:0074d42e2cc333800bd09996223d40ec52e3b1ec0a5cab05dacc09b662c4c1ae",
                "sha256:034717bfef517858abc79324820a702dc6cd063effb9baab86533e8a78670689",
                "sha256:0db6301324d0568089663ef2701ad90ebac0e975742c97460e89366692bd0563",
                "sha256:1864d005b2eb7598063e35c320787d87730d864f40d6410f768fe4ea20672016",
                "sha256:46ce8323ca9384814c7645298b8b627b7d04ce97d6948ef02da357b2389d6972",
                "sha256:510863d606c932b41d2209e4de6157ab3fdf52001d3e4ad351103176d33c4b8b",
                "sha256:560e23a12e7599be8e8b67621396c5bc687fd54b48b890adbc71bc5a67333f86",
                "sha256:57dc6c22d59054542600fce6fae2d1189b9c50bafc1aab32e55f7efcc84a6c46",
                "sha256:760550fdf9d8ec7da9c4402a4afe6e25c0f184ae132011676298a6b636660b45",
                "sha256:8670067685051b49d1f2f66e396488064299fefca199c7c80b6ba0c639fedc98",
                "sha256:9016692c7d390f9d378fc88b7a799dc9caa7eb938163dda5276d3f3d6f75debf",
                "sha256:98ff275f1b5907490d26b30b6ff111ecf2de0254f0ab08833d8fe61aa2068a00",
                "sha256:9ccf4d5c9139b1e985db915039baa0610a7e4a45090580065f8d8cb801b7422f",
                "sha256:a8dbab311d4259de5eeaa5b4e83f5f8545e4808f9144e84c0f424a6ee55a7b98",
                "sha256:aaef1bea636b6e552bbc5dae0ada87d4f6046359daaa97a05a013b0169620f27",
                "sha256:b8987e30d9a0eb6635df9705a75cf8c4a2835590244baecf210163343bc65176",
                "sha256:c3fe23df6fe0898e788581753da453f877350058c5982e85a8972feeecb15309",
                "sha256:c5eb7254cfc4bd7a4330ad7e1f65b98343836865338c57b0e25c661e41d5cfd9",
                "sha256:c80fcf9b38c7f4df666150069b04abbd2fe42ae640703a6e1f128cda83b552b7",
                "sha256:e33baf50f2f6b7153ddb973601a11df852697fba4c08b34a5e0f39f66f8120e1",
                "sha256:e8578a62a8eaf552b95d62f630bb5dd071243ba1302bbff3e55ac48588508736",
                "sha256:f22b3206f1c561dd9110b93d144c6aaa4a9a354e3b07ad36030df3ea92c5bb5b",
                "sha256:f39afab5769b3aaa786634b94b4a23ef3c150bdda044e8a32a3fc16ddafe803b"
            ],
            "index": "pypi",
            "version": "==1.14.3"
        },
        "pillow": {
            "hashes": [
                "sha256:0295442429645fa16d05bd567ef5cff178482439c9aad0411d3f0ce9b88b3a6f",
                "sha256:06aba4169e78c439d528fdeb34762c3b61a70813527a2c57f0540541e9f433a8",
                "sha256:09d7f9e64289cb40c2c8d7ad674b2ed6105f55dc3b09aa8e4918e20a0311e7ad",
                "sha256:0a80dd307a5d8440b0a08bd7b81617e04d870e40a3e46a32d9c246e54705e86f",
                "sha256:1ca594126d3c4def54babee699c055a913efb01e106c309fa6b04405d474d5ae",
                "sha256:25930fadde8019f374400f7986e8404c8b781ce519da27792cbe46eabec00c4d",
                "sha256:431b15cffbf949e89df2f7b48528be18b78bfa5177cb3036284a5508159492b5",
                "sha256:52125833b070791fcb5710fabc640fc1df07d087fc0c0f02d3661f76c23c5b8b",
                "sha256:5e51ee2b8114def244384eda1c82b10e307ad9778dac5c83fb0943775a653cd8",
                "sha256:612cfda94e9c8346f239bf1a4b082fdd5c8143cf82d685ba2dba76e7adeeb233",
                "sha256:6d7741e65835716ceea0fd13a7d0192961212fd59e741a46bbed7a473c634ed6",
                "sha256:6edb5446f44d901e8683ffb25ebdfc26988ee813da3bf91e12252b57ac163727",
                "sha256:725aa6cfc66ce2857d585f06e9519a1cc0ef6d13f186ff3447ab6dff0a09bc7f",
                "sha256:8dad18b69f710bf3a001d2bf3afab7c432785d94fcf819c16b5207b1cfd17d38",
                "sha256:94cf49723928eb6070a892cb39d6c156f7b5a2db4e8971cb958f7b6b104fb4c4",
                "sha256:97f9e7953a77d5a70f49b9a48da7776dc51e9b738151b22dacf101641594a626",
                "sha256:9ad7f865eebde135d526bb3163d0b23ffff365cf87e767c649550964ad72785d",
                "sha256:a060cf8aa332052df2158e5a119303965be92c3da6f2d93b6878f0ebca80b2f6",
                "sha256:c79f9c5fb846285f943aafeafda3358992d64f0ef58566e23484132ecd8d7d63",
                "sha256:c92302a33138409e8f1ad16731568c55c9053eee71bb05b6b744067e1b62380f",
                "sha256:d08b23fdb388c0715990cbc06866db554e1822c4bdcf6d4166cf30ac82df8c41",
                "sha256:d350f0f2c2421e65fbc62690f26b59b0bcda1b614beb318c81e38647e0f673a1",
                "sha256:ec29604081f10f16a7aea809ad42e27764188fc258b02259a03a8ff7ded3808d",
                "sha256:edf31f1150778abd4322444c393ab9c7bd2af271dd4dafb4208fb613b1f3cdc9",
                "sha256:f7e30c27477dffc3e85c2463b3e649f751789e0f6c8456099eea7ddd53be4a8a",
                "sha256:ffe538682dc19cc542ae7c3e504fdf54ca7f86fb8a135e59dd6bc8627eae6cce"
            ],
            "version": "==7.2.0"
        },
        "pyglet": {
            "hashes": [
                "sha256:3faac2dad34946aecbce79a8658f89155436fe5c07332229160c6eba302ff40d",
                "sha256:9832442d59ee06acbeff12e128cf6d5aee271e94c09386040db8f0feae277013"
            ],
            "version": "==1.5.7"
        },
        "pyopengl": {
            "hashes": [
                "sha256:11ad32c7bde7ea0ffb7a94dd552c639ca72376982a8dd6fe0c092d2002a4ca6e",
                "sha256:36b4ac28220e4bfa29e5557525ad2967ca74558a94bccea48864fc742b18db11",
                "sha256:4107ba0d0390da5766a08c242cf0cf3404c377ed293c5f6d701e457c57ba3424"
            ],
            "version": "==3.1.5"
        },
        "pyparsing": {
            "hashes": [
                "sha256:c203ec8783bf771a155b207279b9bccb8dea02d8f0c9e5f8ead507bc3246ecc1",
                "sha256:ef9d7589ef3c200abe66653d3f1ab1033c3c419ae9b9bdb1240a85b024efc88b"
            ],
            "version": "==2.4.7"
        },
        "python-dateutil": {
            "hashes": [
                "sha256:73ebfe9dbf22e832286dafa60473e4cd239f8592f699aa5adaf10050e6e1823c",
                "sha256:75bb3f31ea686f1197762692a9ee6a7550b59fc6ca3a1f4b5d7e32fb98e2da2a"
            ],
            "version": "==2.8.1"
        },
        "pytz": {
            "hashes": [
                "sha256:a494d53b6d39c3c6e44c3bec237336e14305e4f29bbf800b599253057fbb79ed",
                "sha256:c35965d010ce31b23eeb663ed3cc8c906275d6be1a34393a1d73a41febf4a048"
            ],
            "version": "==2020.1"
        },
        "requests": {
            "hashes": [
                "sha256:b3559a131db72c33ee969480840fff4bb6dd111de7dd27c8ee1f820f4f00231b",
                "sha256:fe75cc94a9443b9246fc7049224f75604b113c36acb93f87b80ed42c44cbb898"
            ],
            "version": "==2.24.0"
        },
        "scipy": {
            "hashes": [
                "sha256:0611ee97296265af4a21164a5323f8c1b4e8e15c582d3dfa7610825900136bb7",
                "sha256:08237eda23fd8e4e54838258b124f1cd141379a5f281b0a234ca99b38918c07a",
                "sha256:0e645dbfc03f279e1946cf07c9c754c2a1859cb4a41c5f70b25f6b3a586b6dbd",
                "sha256:0e9bb7efe5f051ea7212555b290e784b82f21ffd0f655405ac4f87e288b730b3",
                "sha256:108c16640849e5827e7d51023efb3bd79244098c3f21e4897a1007720cb7ce37",
                "sha256:340ef70f5b0f4e2b4b43c8c8061165911bc6b2ad16f8de85d9774545e2c47463",
                "sha256:3ad73dfc6f82e494195144bd3a129c7241e761179b7cb5c07b9a0ede99c686f3",
                "sha256:3b243c77a822cd034dad53058d7c2abf80062aa6f4a32e9799c95d6391558631",
                "sha256:404a00314e85eca9d46b80929571b938e97a143b4f2ddc2b2b3c91a4c4ead9c5",
                "sha256:423b3ff76957d29d1cce1bc0d62ebaf9a3fdfaf62344e3fdec14619bb7b5ad3a",
                "sha256:42d9149a2fff7affdd352d157fa5717033767857c11bd55aa4a519a44343dfef",
                "sha256:625f25a6b7d795e8830cb70439453c9f163e6870e710ec99eba5722775b318f3",
                "sha256:698c6409da58686f2df3d6f815491fd5b4c2de6817a45379517c92366eea208f",
                "sha256:729f8f8363d32cebcb946de278324ab43d28096f36593be6281ca1ee86ce6559",
                "sha256:8190770146a4c8ed5d330d5b5ad1c76251c63349d25c96b3094875b930c44692",
                "sha256:878352408424dffaa695ffedf2f9f92844e116686923ed9aa8626fc30d32cfd1",
                "sha256:8b984f0821577d889f3c7ca8445564175fb4ac7c7f9659b7c60bef95b2b70e76",
                "sha256:8f841bbc21d3dad2111a94c490fb0a591b8612ffea86b8e5571746ae76a3deac",
                "sha256:c22b27371b3866c92796e5d7907e914f0e58a36d3222c5d436ddd3f0e354227a",
                "sha256:d0cdd5658b49a722783b8b4f61a6f1f9c75042d0e29a30ccb6cacc9b25f6d9e2",
                "sha256:d40dc7f494b06dcee0d303e51a00451b2da6119acbeaccf8369f2d29e28917ac",
                "sha256:d8491d4784aceb1f100ddb8e31239c54e4afab8d607928a9f7ef2469ec35ae01",
                "sha256:dfc5080c38dde3f43d8fbb9c0539a7839683475226cf83e4b24363b227dfe552",
                "sha256:e24e22c8d98d3c704bb3410bce9b69e122a8de487ad3dbfe9985d154e5c03a40",
                "sha256:e7a01e53163818d56eabddcafdc2090e9daba178aad05516b20c6591c4811020",
                "sha256:ee677635393414930541a096fc8e61634304bb0153e4e02b75685b11eba14cae",
                "sha256:f0521af1b722265d824d6ad055acfe9bd3341765735c44b5a4d0069e189a0f40",
                "sha256:f25c281f12c0da726c6ed00535ca5d1622ec755c30a3f8eafef26cf43fede694"
            ],
            "index": "pypi",
            "version": "==1.1.0"
        },
        "six": {
            "hashes": [
                "sha256:30639c035cdb23534cd4aa2dd52c3bf48f06e5f4a941509c8bafd8ce11080259",
                "sha256:8b74bedcbbbaca38ff6d7491d76f2b06b3592611af620f8426e82dddb04a5ced"
            ],
            "version": "==1.15.0"
        },
        "subprocess32": {
            "hashes": [
                "sha256:88e37c1aac5388df41cc8a8456bb49ebffd321a3ad4d70358e3518176de3a56b",
                "sha256:e45d985aef903c5b7444d34350b05da91a9e0ea015415ab45a21212786c649d0",
                "sha256:eb2937c80497978d181efa1b839ec2d9622cf9600a039a79d0e108d1f9aec79d"
            ],
            "version": "==3.5.4"
        },
        "urllib3": {
            "hashes": [
                "sha256:4c291ca23bbb55c76518905869ef34bdd5f0e46af7afe6861e8375643ffee1a0",
                "sha256:9a247273df709c4fedb38c711e44292304f73f39ab01beda9f6b9fc375669ac3"
            ],
            "index": "pypi",
            "version": "==1.24.2"
        }
    },
    "develop": {
        "memory-profiler": {
            "hashes": [
                "sha256:e38627e66ca787f56ad2898699e07cb7ae2049a7dc075d535367cd882c417b9a"
            ],
            "index": "pypi",
            "version": "==0.52.0"
        },
        "nose": {
            "hashes": [
                "sha256:9ff7c6cc443f8c51994b34a667bbcf45afd6d945be7477b52e97516fd17c53ac",
                "sha256:dadcddc0aefbf99eea214e0f1232b94f2fa9bd98fa8353711dacb112bfcbbb2a",
                "sha256:f1bffef9cbc82628f6e7d7b40d7e255aefaa1adb6a1b1d26c69a8b79e6208a98"
            ],
            "index": "pypi",
            "version": "==1.3.7"
        },
        "psutil": {
            "hashes": [
                "sha256:1413f4158eb50e110777c4f15d7c759521703bd6beb58926f1d562da40180058",
                "sha256:298af2f14b635c3c7118fd9183843f4e73e681bb6f01e12284d4d70d48a60953",
                "sha256:60b86f327c198561f101a92be1995f9ae0399736b6eced8f24af41ec64fb88d4",
                "sha256:685ec16ca14d079455892f25bd124df26ff9137664af445563c1bd36629b5e0e",
                "sha256:73f35ab66c6c7a9ce82ba44b1e9b1050be2a80cd4dcc3352cc108656b115c74f",
                "sha256:75e22717d4dbc7ca529ec5063000b2b294fc9a367f9c9ede1f65846c7955fd38",
                "sha256:a02f4ac50d4a23253b68233b07e7cdb567bd025b982d5cf0ee78296990c22d9e",
                "sha256:d008ddc00c6906ec80040d26dc2d3e3962109e40ad07fd8a12d0284ce5e0e4f8",
                "sha256:d84029b190c8a66a946e28b4d3934d2ca1528ec94764b180f7d6ea57b0e75e26",
                "sha256:e2d0c5b07c6fe5a87fa27b7855017edb0d52ee73b71e6ee368fae268605cc3f5",
                "sha256:f344ca230dd8e8d5eee16827596f1c22ec0876127c28e800d7ae20ed44c4b310"
            ],
            "version": "==5.7.0"
        },
        "termcolor": {
            "hashes": [
                "sha256:1d6d69ce66211143803fbc56652b41d73b4a400a2891d7bf7a1cdf4c02de613b"
            ],
            "index": "pypi",
            "version": "==1.1.0"
        }
    }
}
